// !$*UTF8*$!
{
	archiveVersion = 1;
	classes = {
	};
	objectVersion = 50;
	objects = {

/* Begin PBXBuildFile section */
		A7B4DBE522CC545C003BA6E1 /* AppDelegate.swift in Sources */ = {isa = PBXBuildFile; fileRef = A7B4DBE422CC545C003BA6E1 /* AppDelegate.swift */; };
		A7B4DBE722CC545C003BA6E1 /* ViewController.swift in Sources */ = {isa = PBXBuildFile; fileRef = A7B4DBE622CC545C003BA6E1 /* ViewController.swift */; };
		A7B4DBEA22CC545C003BA6E1 /* Main.storyboard in Resources */ = {isa = PBXBuildFile; fileRef = A7B4DBE822CC545C003BA6E1 /* Main.storyboard */; };
		A7B4DBEC22CC545D003BA6E1 /* Assets.xcassets in Resources */ = {isa = PBXBuildFile; fileRef = A7B4DBEB22CC545D003BA6E1 /* Assets.xcassets */; };
		A7B4DBEF22CC545D003BA6E1 /* LaunchScreen.storyboard in Resources */ = {isa = PBXBuildFile; fileRef = A7B4DBED22CC545D003BA6E1 /* LaunchScreen.storyboard */; };
		A7B4DBF722CC55BA003BA6E1 /* MyCell.swift in Sources */ = {isa = PBXBuildFile; fileRef = A7B4DBF622CC55BA003BA6E1 /* MyCell.swift */; };
/* End PBXBuildFile section */

/* Begin PBXFileReference section */
		A7B4DBE122CC545C003BA6E1 /* 0800 CollectionView 12.app */ = {isa = PBXFileReference; explicitFileType = wrapper.application; includeInIndex = 0; path = "0800 CollectionView 12.app"; sourceTree = BUILT_PRODUCTS_DIR; };
		A7B4DBE422CC545C003BA6E1 /* AppDelegate.swift */ = {isa = PBXFileReference; lastKnownFileType = sourcecode.swift; path = AppDelegate.swift; sourceTree = "<group>"; };
		A7B4DBE622CC545C003BA6E1 /* ViewController.swift */ = {isa = PBXFileReference; lastKnownFileType = sourcecode.swift; path = ViewController.swift; sourceTree = "<group>"; };
		A7B4DBE922CC545C003BA6E1 /* Base */ = {isa = PBXFileReference; lastKnownFileType = file.storyboard; name = Base; path = Base.lproj/Main.storyboard; sourceTree = "<group>"; };
		A7B4DBEB22CC545D003BA6E1 /* Assets.xcassets */ = {isa = PBXFileReference; lastKnownFileType = folder.assetcatalog; path = Assets.xcassets; sourceTree = "<group>"; };
		A7B4DBEE22CC545D003BA6E1 /* Base */ = {isa = PBXFileReference; lastKnownFileType = file.storyboard; name = Base; path = Base.lproj/LaunchScreen.storyboard; sourceTree = "<group>"; };
		A7B4DBF022CC545D003BA6E1 /* Info.plist */ = {isa = PBXFileReference; lastKnownFileType = text.plist.xml; path = Info.plist; sourceTree = "<group>"; };
		A7B4DBF622CC55BA003BA6E1 /* MyCell.swift */ = {isa = PBXFileReference; lastKnownFileType = sourcecode.swift; path = MyCell.swift; sourceTree = "<group>"; };
/* End PBXFileReference section */

/* Begin PBXFrameworksBuildPhase section */
		A7B4DBDE22CC545B003BA6E1 /* Frameworks */ = {
			isa = PBXFrameworksBuildPhase;
			buildActionMask = 2147483647;
			files = (
			);
			runOnlyForDeploymentPostprocessing = 0;
		};
/* End PBXFrameworksBuildPhase section */

/* Begin PBXGroup section */
		A7B4DBD822CC545B003BA6E1 = {
			isa = PBXGroup;
			children = (
				A7B4DBE322CC545C003BA6E1 /* 0800 CollectionView 12 */,
				A7B4DBE222CC545C003BA6E1 /* Products */,
			);
			sourceTree = "<group>";
		};
		A7B4DBE222CC545C003BA6E1 /* Products */ = {
			isa = PBXGroup;
			children = (
				A7B4DBE122CC545C003BA6E1 /* 0800 CollectionView 12.app */,
			);
			name = Products;
			sourceTree = "<group>";
		};
		A7B4DBE322CC545C003BA6E1 /* 0800 CollectionView 12 */ = {
			isa = PBXGroup;
			children = (
				A7B4DBE422CC545C003BA6E1 /* AppDelegate.swift */,
				A7B4DBE622CC545C003BA6E1 /* ViewController.swift */,
				A7B4DBE822CC545C003BA6E1 /* Main.storyboard */,
				A7B4DBF622CC55BA003BA6E1 /* MyCell.swift */,
				A7B4DBEB22CC545D003BA6E1 /* Assets.xcassets */,
				A7B4DBED22CC545D003BA6E1 /* LaunchScreen.storyboard */,
				A7B4DBF022CC545D003BA6E1 /* Info.plist */,
			);
			path = "0800 CollectionView 12";
			sourceTree = "<group>";
		};
/* End PBXGroup section */

/* Begin PBXNativeTarget section */
		A7B4DBE022CC545B003BA6E1 /* 0800 CollectionView 12 */ = {
			isa = PBXNativeTarget;
			buildConfigurationList = A7B4DBF322CC545D003BA6E1 /* Build configuration list for PBXNativeTarget "0800 CollectionView 12" */;
			buildPhases = (
				A7B4DBDD22CC545B003BA6E1 /* Sources */,
				A7B4DBDE22CC545B003BA6E1 /* Frameworks */,
				A7B4DBDF22CC545B003BA6E1 /* Resources */,
			);
			buildRules = (
			);
			dependencies = (
			);
			name = "0800 CollectionView 12";
			productName = "0800 CollectionView 12";
			productReference = A7B4DBE122CC545C003BA6E1 /* 0800 CollectionView 12.app */;
			productType = "com.apple.product-type.application";
		};
/* End PBXNativeTarget section */

/* Begin PBXProject section */
		A7B4DBD922CC545B003BA6E1 /* Project object */ = {
			isa = PBXProject;
			attributes = {
				LastSwiftUpdateCheck = 1020;
				LastUpgradeCheck = 1020;
				ORGANIZATIONNAME = "Trương Quang";
				TargetAttributes = {
					A7B4DBE022CC545B003BA6E1 = {
						CreatedOnToolsVersion = 10.2.1;
					};
				};
			};
			buildConfigurationList = A7B4DBDC22CC545B003BA6E1 /* Build configuration list for PBXProject "0800 CollectionView 12" */;
			compatibilityVersion = "Xcode 9.3";
			developmentRegion = en;
			hasScannedForEncodings = 0;
			knownRegions = (
				en,
				Base,
			);
			mainGroup = A7B4DBD822CC545B003BA6E1;
			productRefGroup = A7B4DBE222CC545C003BA6E1 /* Products */;
			projectDirPath = "";
			projectRoot = "";
			targets = (
				A7B4DBE022CC545B003BA6E1 /* 0800 CollectionView 12 */,
			);
		};
/* End PBXProject section */

/* Begin PBXResourcesBuildPhase section */
		A7B4DBDF22CC545B003BA6E1 /* Resources */ = {
			isa = PBXResourcesBuildPhase;
			buildActionMask = 2147483647;
			files = (
				A7B4DBEF22CC545D003BA6E1 /* LaunchScreen.storyboard in Resources */,
				A7B4DBEC22CC545D003BA6E1 /* Assets.xcassets in Resources */,
				A7B4DBEA22CC545C003BA6E1 /* Main.storyboard in Resources */,
			);
			runOnlyForDeploymentPostprocessing = 0;
		};
/* End PBXResourcesBuildPhase section */

/* Begin PBXSourcesBuildPhase section */
		A7B4DBDD22CC545B003BA6E1 /* Sources */ = {
			isa = PBXSourcesBuildPhase;
			buildActionMask = 2147483647;
			files = (
				A7B4DBF722CC55BA003BA6E1 /* MyCell.swift in Sources */,
				A7B4DBE722CC545C003BA6E1 /* ViewController.swift in Sources */,
				A7B4DBE522CC545C003BA6E1 /* AppDelegate.swift in Sources */,
			);
			runOnlyForDeploymentPostprocessing = 0;
		};
/* End PBXSourcesBuildPhase section */

/* Begin PBXVariantGroup section */
		A7B4DBE822CC545C003BA6E1 /* Main.storyboard */ = {
			isa = PBXVariantGroup;
			children = (
				A7B4DBE922CC545C003BA6E1 /* Base */,
			);
			name = Main.storyboard;
			sourceTree = "<group>";
		};
		A7B4DBED22CC545D003BA6E1 /* LaunchScreen.storyboard */ = {
			isa = PBXVariantGroup;
			children = (
				A7B4DBEE22CC545D003BA6E1 /* Base */,
			);
			name = LaunchScreen.storyboard;
			sourceTree = "<group>";
		};
/* End PBXVariantGroup section */

/* Begin XCBuildConfiguration section */
		A7B4DBF122CC545D003BA6E1 /* Debug */ = {
			isa = XCBuildConfiguration;
			buildSettings = {
				ALWAYS_SEARCH_USER_PATHS = NO;
				CLANG_ANALYZER_NONNULL = YES;
				CLANG_ANALYZER_NUMBER_OBJECT_CONVERSION = YES_AGGRESSIVE;
				CLANG_CXX_LANGUAGE_STANDARD = "gnu++14";
				CLANG_CXX_LIBRARY = "libc++";
				CLANG_ENABLE_MODULES = YES;
				CLANG_ENABLE_OBJC_ARC = YES;
				CLANG_ENABLE_OBJC_WEAK = YES;
				CLANG_WARN_BLOCK_CAPTURE_AUTORELEASING = YES;
				CLANG_WARN_BOOL_CONVERSION = YES;
				CLANG_WARN_COMMA = YES;
				CLANG_WARN_CONSTANT_CONVERSION = YES;
				CLANG_WARN_DEPRECATED_OBJC_IMPLEMENTATIONS = YES;
				CLANG_WARN_DIRECT_OBJC_ISA_USAGE = YES_ERROR;
				CLANG_WARN_DOCUMENTATION_COMMENTS = YES;
				CLANG_WARN_EMPTY_BODY = YES;
				CLANG_WARN_ENUM_CONVERSION = YES;
				CLANG_WARN_INFINITE_RECURSION = YES;
				CLANG_WARN_INT_CONVERSION = YES;
				CLANG_WARN_NON_LITERAL_NULL_CONVERSION = YES;
				CLANG_WARN_OBJC_IMPLICIT_RETAIN_SELF = YES;
				CLANG_WARN_OBJC_LITERAL_CONVERSION = YES;
				CLANG_WARN_OBJC_ROOT_CLASS = YES_ERROR;
				CLANG_WARN_RANGE_LOOP_ANALYSIS = YES;
				CLANG_WARN_STRICT_PROTOTYPES = YES;
				CLANG_WARN_SUSPICIOUS_MOVE = YES;
				CLANG_WARN_UNGUARDED_AVAILABILITY = YES_AGGRESSIVE;
				CLANG_WARN_UNREACHABLE_CODE = YES;
				CLANG_WARN__DUPLICATE_METHOD_MATCH = YES;
				CODE_SIGN_IDENTITY = "iPhone Developer";
				COPY_PHASE_STRIP = NO;
				DEBUG_INFORMATION_FORMAT = dwarf;
				ENABLE_STRICT_OBJC_MSGSEND = YES;
				ENABLE_TESTABILITY = YES;
				GCC_C_LANGUAGE_STANDARD = gnu11;
				GCC_DYNAMIC_NO_PIC = NO;
				GCC_NO_COMMON_BLOCKS = YES;
				GCC_OPTIMIZATION_LEVEL = 0;
				GCC_PREPROCESSOR_DEFINITIONS = (
					"DEBUG=1",
					"$(inherited)",
				);
				GCC_WARN_64_TO_32_BIT_CONVERSION = YES;
				GCC_WARN_ABOUT_RETURN_TYPE = YES_ERROR;
				GCC_WARN_UNDECLARED_SELECTOR = YES;
				GCC_WARN_UNINITIALIZED_AUTOS = YES_AGGRESSIVE;
				GCC_WARN_UNUSED_FUNCTION = YES;
				GCC_WARN_UNUSED_VARIABLE = YES;
				IPHONEOS_DEPLOYMENT_TARGET = 12.2;
				MTL_ENABLE_DEBUG_INFO = INCLUDE_SOURCE;
				MTL_FAST_MATH = YES;
				ONLY_ACTIVE_ARCH = YES;
				SDKROOT = iphoneos;
				SWIFT_ACTIVE_COMPILATION_CONDITIONS = DEBUG;
				SWIFT_OPTIMIZATION_LEVEL = "-Onone";
			};
			name = Debug;
		};
		A7B4DBF222CC545D003BA6E1 /* Release */ = {
			isa = XCBuildConfiguration;
			buildSettings = {
				ALWAYS_SEARCH_USER_PATHS = NO;
				CLANG_ANALYZER_NONNULL = YES;
				CLANG_ANALYZER_NUMBER_OBJECT_CONVERSION = YES_AGGRESSIVE;
				CLANG_CXX_LANGUAGE_STANDARD = "gnu++14";
				CLANG_CXX_LIBRARY = "libc++";
				CLANG_ENABLE_MODULES = YES;
				CLANG_ENABLE_OBJC_ARC = YES;
				CLANG_ENABLE_OBJC_WEAK = YES;
				CLANG_WARN_BLOCK_CAPTURE_AUTORELEASING = YES;
				CLANG_WARN_BOOL_CONVERSION = YES;
				CLANG_WARN_COMMA = YES;
				CLANG_WARN_CONSTANT_CONVERSION = YES;
				CLANG_WARN_DEPRECATED_OBJC_IMPLEMENTATIONS = YES;
				CLANG_WARN_DIRECT_OBJC_ISA_USAGE = YES_ERROR;
				CLANG_WARN_DOCUMENTATION_COMMENTS = YES;
				CLANG_WARN_EMPTY_BODY = YES;
				CLANG_WARN_ENUM_CONVERSION = YES;
				CLANG_WARN_INFINITE_RECURSION = YES;
				CLANG_WARN_INT_CONVERSION = YES;
				CLANG_WARN_NON_LITERAL_NULL_CONVERSION = YES;
				CLANG_WARN_OBJC_IMPLICIT_RETAIN_SELF = YES;
				CLANG_WARN_OBJC_LITERAL_CONVERSION = YES;
				CLANG_WARN_OBJC_ROOT_CLASS = YES_ERROR;
				CLANG_WARN_RANGE_LOOP_ANALYSIS = YES;
				CLANG_WARN_STRICT_PROTOTYPES = YES;
				CLANG_WARN_SUSPICIOUS_MOVE = YES;
				CLANG_WARN_UNGUARDED_AVAILABILITY = YES_AGGRESSIVE;
				CLANG_WARN_UNREACHABLE_CODE = YES;
				CLANG_WARN__DUPLICATE_METHOD_MATCH = YES;
				CODE_SIGN_IDENTITY = "iPhone Developer";
				COPY_PHASE_STRIP = NO;
				DEBUG_INFORMATION_FORMAT = "dwarf-with-dsym";
				ENABLE_NS_ASSERTIONS = NO;
				ENABLE_STRICT_OBJC_MSGSEND = YES;
				GCC_C_LANGUAGE_STANDARD = gnu11;
				GCC_NO_COMMON_BLOCKS = YES;
				GCC_WARN_64_TO_32_BIT_CONVERSION = YES;
				GCC_WARN_ABOUT_RETURN_TYPE = YES_ERROR;
				GCC_WARN_UNDECLARED_SELECTOR = YES;
				GCC_WARN_UNINITIALIZED_AUTOS = YES_AGGRESSIVE;
				GCC_WARN_UNUSED_FUNCTION = YES;
				GCC_WARN_UNUSED_VARIABLE = YES;
				IPHONEOS_DEPLOYMENT_TARGET = 12.2;
				MTL_ENABLE_DEBUG_INFO = NO;
				MTL_FAST_MATH = YES;
				SDKROOT = iphoneos;
				SWIFT_COMPILATION_MODE = wholemodule;
				SWIFT_OPTIMIZATION_LEVEL = "-O";
				VALIDATE_PRODUCT = YES;
			};
			name = Release;
		};
		A7B4DBF422CC545D003BA6E1 /* Debug */ = {
			isa = XCBuildConfiguration;
			buildSettings = {
				ASSETCATALOG_COMPILER_APPICON_NAME = AppIcon;
				CODE_SIGN_STYLE = Automatic;
				DEVELOPMENT_TEAM = P3394LCNT6;
				INFOPLIST_FILE = "0800 CollectionView 12/Info.plist";
				LD_RUNPATH_SEARCH_PATHS = (
					"$(inherited)",
					"@executable_path/Frameworks",
				);
				PRODUCT_BUNDLE_IDENTIFIER = "truongquang.-800-CollectionView-12";
				PRODUCT_NAME = "$(TARGET_NAME)";
				SWIFT_VERSION = 5.0;
				TARGETED_DEVICE_FAMILY = "1,2";
			};
			name = Debug;
		};
		A7B4DBF522CC545D003BA6E1 /* Release */ = {
			isa = XCBuildConfiguration;
			buildSettings = {
				ASSETCATALOG_COMPILER_APPICON_NAME = AppIcon;
				CODE_SIGN_STYLE = Automatic;
				DEVELOPMENT_TEAM = P3394LCNT6;
				INFOPLIST_FILE = "0800 CollectionView 12/Info.plist";
				LD_RUNPATH_SEARCH_PATHS = (
					"$(inherited)",
					"@executable_path/Frameworks",
				);
				PRODUCT_BUNDLE_IDENTIFIER = "truongquang.-800-CollectionView-12";
				PRODUCT_NAME = "$(TARGET_NAME)";
				SWIFT_VERSION = 5.0;
				TARGETED_DEVICE_FAMILY = "1,2";
			};
			name = Release;
		};
/* End XCBuildConfiguration section */

/* Begin XCConfigurationList section */
		A7B4DBDC22CC545B003BA6E1 /* Build configuration list for PBXProject "0800 CollectionView 12" */ = {
			isa = XCConfigurationList;
			buildConfigurations = (
				A7B4DBF122CC545D003BA6E1 /* Debug */,
				A7B4DBF222CC545D003BA6E1 /* Release */,
			);
			defaultConfigurationIsVisible = 0;
			defaultConfigurationName = Release;
		};
		A7B4DBF322CC545D003BA6E1 /* Build configuration list for PBXNativeTarget "0800 CollectionView 12" */ = {
			isa = XCConfigurationList;
			buildConfigurations = (
				A7B4DBF422CC545D003BA6E1 /* Debug */,
				A7B4DBF522CC545D003BA6E1 /* Release */,
			);
			defaultConfigurationIsVisible = 0;
			defaultConfigurationName = Release;
		};
/* End XCConfigurationList section */
	};
	rootObject = A7B4DBD922CC545B003BA6E1 /* Project object */;
}
